
Microsoft Visual Studio Solution File, Format Version 12.00
# Visual Studio 15
VisualStudioVersion = 15.0.27428.2011
MinimumVisualStudioVersion = 10.0.40219.1
Project("{F184B08F-C81C-45F6-A57F-5ABD9991F28F}") = "Maurer Rose", "Maurer Rose\Maurer Rose.vbproj", "{3154DD37-17C4-451C-94B9-F930D193E515}"
EndProject
Global
	GlobalSection(SolutionConfigurationPlatforms) = preSolution
		Debug|Any CPU = Debug|Any CPU
		Release|Any CPU = Release|Any CPU
	EndGlobalSection
	GlobalSection(ProjectConfigurationPlatforms) = postSolution
		{3154DD37-17C4-451C-94B9-F930D193E515}.Debug|Any CPU.ActiveCfg = Debug|Any CPU
		{3154DD37-17C4-451C-94B9-F930D193E515}.Debug|Any CPU.Build.0 = Debug|Any CPU
		{3154DD37-17C4-451C-94B9-F930D193E515}.Release|Any CPU.ActiveCfg = Release|Any CPU
		{3154DD37-17C4-451C-94B9-F930D193E515}.Release|Any CPU.Build.0 = Release|Any CPU
	EndGlobalSection
	GlobalSection(SolutionProperties) = preSolution
		HideSolutionNode = FALSE
	EndGlobalSection
	GlobalSection(ExtensibilityGlobals) = postSolution
		SolutionGuid = {9D75298C-C9AA-47A4-9C55-76F3C2DADBE6}
	EndGlobalSection
EndGlobal
